
Microsoft Visual Studio Solution File, Format Version 12.00
Project("{FAE04EC0-301F-11D3-BF4B-00C04F79EFBC}") = "DiscoBot", "DiscoBot\DiscoBot.csproj", "{5B46C0AE-4CE2-4BEB-9087-DD4C22013003}"
EndProject
Global
	GlobalSection(SolutionConfigurationPlatforms) = preSolution
		Debug|Any CPU = Debug|Any CPU
		Release|Any CPU = Release|Any CPU
	EndGlobalSection
	GlobalSection(ProjectConfigurationPlatforms) = postSolution
		{5B46C0AE-4CE2-4BEB-9087-DD4C22013003}.Debug|Any CPU.ActiveCfg = Debug|Any CPU
		{5B46C0AE-4CE2-4BEB-9087-DD4C22013003}.Debug|Any CPU.Build.0 = Debug|Any CPU
		{5B46C0AE-4CE2-4BEB-9087-DD4C22013003}.Release|Any CPU.ActiveCfg = Release|Any CPU
		{5B46C0AE-4CE2-4BEB-9087-DD4C22013003}.Release|Any CPU.Build.0 = Release|Any CPU
	EndGlobalSection
EndGlobal
